// !$*UTF8*$!
{
	archiveVersion = 1;
	classes = {
	};
	objectVersion = 56;
	objects = {

/* Begin PBXBuildFile section */
		5521C6DE2C11C4B400284860 /* DissolveApp.swift in Sources */ = {isa = PBXBuildFile; fileRef = 5521C6DD2C11C4B400284860 /* DissolveApp.swift */; };
		5521C6E02C11C4B400284860 /* ContentView.swift in Sources */ = {isa = PBXBuildFile; fileRef = 5521C6DF2C11C4B400284860 /* ContentView.swift */; };
		5521C6E22C11C4B500284860 /* Assets.xcassets in Resources */ = {isa = PBXBuildFile; fileRef = 5521C6E12C11C4B500284860 /* Assets.xcassets */; };
		5521C6E52C11C4B500284860 /* Preview Assets.xcassets in Resources */ = {isa = PBXBuildFile; fileRef = 5521C6E42C11C4B500284860 /* Preview Assets.xcassets */; };
		5521C6EC2C11C6A300284860 /* Renderer.metal in Sources */ = {isa = PBXBuildFile; fileRef = 5521C6EB2C11C6A300284860 /* Renderer.metal */; };
		5521C6EE2C11C6AC00284860 /* Painter.metal in Sources */ = {isa = PBXBuildFile; fileRef = 5521C6ED2C11C6AC00284860 /* Painter.metal */; };
		5521C6F02C11CF5A00284860 /* Renderer.swift in Sources */ = {isa = PBXBuildFile; fileRef = 5521C6EF2C11CF5A00284860 /* Renderer.swift */; };
		5521C6F22C11D07800284860 /* Painter.swift in Sources */ = {isa = PBXBuildFile; fileRef = 5521C6F12C11D07800284860 /* Painter.swift */; };
		5521C6F42C11D38100284860 /* Box.swift in Sources */ = {isa = PBXBuildFile; fileRef = 5521C6F32C11D38100284860 /* Box.swift */; };
		5521C6F82C11D76300284860 /* Segment.swift in Sources */ = {isa = PBXBuildFile; fileRef = 5521C6F72C11D76300284860 /* Segment.swift */; };
		5521C6FA2C11D77800284860 /* Stroke.swift in Sources */ = {isa = PBXBuildFile; fileRef = 5521C6F92C11D77800284860 /* Stroke.swift */; };
		5521C6FC2C11E36200284860 /* Line.swift in Sources */ = {isa = PBXBuildFile; fileRef = 5521C6FB2C11E36200284860 /* Line.swift */; };
/* End PBXBuildFile section */

/* Begin PBXFileReference section */
		5521C6DA2C11C4B400284860 /* Dissolve.app */ = {isa = PBXFileReference; explicitFileType = wrapper.application; includeInIndex = 0; path = Dissolve.app; sourceTree = BUILT_PRODUCTS_DIR; };
		5521C6DD2C11C4B400284860 /* DissolveApp.swift */ = {isa = PBXFileReference; lastKnownFileType = sourcecode.swift; path = DissolveApp.swift; sourceTree = "<group>"; };
		5521C6DF2C11C4B400284860 /* ContentView.swift */ = {isa = PBXFileReference; lastKnownFileType = sourcecode.swift; path = ContentView.swift; sourceTree = "<group>"; };
		5521C6E12C11C4B500284860 /* Assets.xcassets */ = {isa = PBXFileReference; lastKnownFileType = folder.assetcatalog; path = Assets.xcassets; sourceTree = "<group>"; };
		5521C6E42C11C4B500284860 /* Preview Assets.xcassets */ = {isa = PBXFileReference; lastKnownFileType = folder.assetcatalog; path = "Preview Assets.xcassets"; sourceTree = "<group>"; };
		5521C6EB2C11C6A300284860 /* Renderer.metal */ = {isa = PBXFileReference; lastKnownFileType = sourcecode.metal; path = Renderer.metal; sourceTree = "<group>"; };
		5521C6ED2C11C6AC00284860 /* Painter.metal */ = {isa = PBXFileReference; lastKnownFileType = sourcecode.metal; path = Painter.metal; sourceTree = "<group>"; };
		5521C6EF2C11CF5A00284860 /* Renderer.swift */ = {isa = PBXFileReference; lastKnownFileType = sourcecode.swift; path = Renderer.swift; sourceTree = "<group>"; };
		5521C6F12C11D07800284860 /* Painter.swift */ = {isa = PBXFileReference; lastKnownFileType = sourcecode.swift; path = Painter.swift; sourceTree = "<group>"; };
		5521C6F32C11D38100284860 /* Box.swift */ = {isa = PBXFileReference; lastKnownFileType = sourcecode.swift; path = Box.swift; sourceTree = "<group>"; };
		5521C6F72C11D76300284860 /* Segment.swift */ = {isa = PBXFileReference; lastKnownFileType = sourcecode.swift; path = Segment.swift; sourceTree = "<group>"; };
		5521C6F92C11D77800284860 /* Stroke.swift */ = {isa = PBXFileReference; lastKnownFileType = sourcecode.swift; path = Stroke.swift; sourceTree = "<group>"; };
		5521C6FB2C11E36200284860 /* Line.swift */ = {isa = PBXFileReference; lastKnownFileType = sourcecode.swift; path = Line.swift; sourceTree = "<group>"; };
/* End PBXFileReference section */

/* Begin PBXFrameworksBuildPhase section */
		5521C6D72C11C4B400284860 /* Frameworks */ = {
			isa = PBXFrameworksBuildPhase;
			buildActionMask = 2147483647;
			files = (
			);
			runOnlyForDeploymentPostprocessing = 0;
		};
/* End PBXFrameworksBuildPhase section */

/* Begin PBXGroup section */
		5521C6D12C11C4B400284860 = {
			isa = PBXGroup;
			children = (
				5521C6DC2C11C4B400284860 /* Dissolve */,
				5521C6DB2C11C4B400284860 /* Products */,
			);
			sourceTree = "<group>";
		};
		5521C6DB2C11C4B400284860 /* Products */ = {
			isa = PBXGroup;
			children = (
				5521C6DA2C11C4B400284860 /* Dissolve.app */,
			);
			name = Products;
			sourceTree = "<group>";
		};
		5521C6DC2C11C4B400284860 /* Dissolve */ = {
			isa = PBXGroup;
			children = (
				5521C6FB2C11E36200284860 /* Line.swift */,
				5521C6ED2C11C6AC00284860 /* Painter.metal */,
				5521C6EB2C11C6A300284860 /* Renderer.metal */,
				5521C6F32C11D38100284860 /* Box.swift */,
				5521C6DF2C11C4B400284860 /* ContentView.swift */,
				5521C6DD2C11C4B400284860 /* DissolveApp.swift */,
				5521C6F12C11D07800284860 /* Painter.swift */,
				5521C6EF2C11CF5A00284860 /* Renderer.swift */,
				5521C6F72C11D76300284860 /* Segment.swift */,
				5521C6F92C11D77800284860 /* Stroke.swift */,
				5521C6E12C11C4B500284860 /* Assets.xcassets */,
				5521C6E32C11C4B500284860 /* Preview Content */,
			);
			path = Dissolve;
			sourceTree = "<group>";
		};
		5521C6E32C11C4B500284860 /* Preview Content */ = {
			isa = PBXGroup;
			children = (
				5521C6E42C11C4B500284860 /* Preview Assets.xcassets */,
			);
			path = "Preview Content";
			sourceTree = "<group>";
		};
/* End PBXGroup section */

/* Begin PBXNativeTarget section */
		5521C6D92C11C4B400284860 /* Dissolve */ = {
			isa = PBXNativeTarget;
			buildConfigurationList = 5521C6E82C11C4B500284860 /* Build configuration list for PBXNativeTarget "Dissolve" */;
			buildPhases = (
				5521C6D62C11C4B400284860 /* Sources */,
				5521C6D72C11C4B400284860 /* Frameworks */,
				5521C6D82C11C4B400284860 /* Resources */,
			);
			buildRules = (
			);
			dependencies = (
			);
			name = Dissolve;
			productName = Dissolve;
			productReference = 5521C6DA2C11C4B400284860 /* Dissolve.app */;
			productType = "com.apple.product-type.application";
		};
/* End PBXNativeTarget section */

/* Begin PBXProject section */
		5521C6D22C11C4B400284860 /* Project object */ = {
			isa = PBXProject;
			attributes = {
				BuildIndependentTargetsInParallel = 1;
				LastSwiftUpdateCheck = 1540;
				LastUpgradeCheck = 1540;
				TargetAttributes = {
					5521C6D92C11C4B400284860 = {
						CreatedOnToolsVersion = 15.4;
					};
				};
			};
			buildConfigurationList = 5521C6D52C11C4B400284860 /* Build configuration list for PBXProject "Dissolve" */;
			compatibilityVersion = "Xcode 14.0";
			developmentRegion = en;
			hasScannedForEncodings = 0;
			knownRegions = (
				en,
				Base,
			);
			mainGroup = 5521C6D12C11C4B400284860;
			productRefGroup = 5521C6DB2C11C4B400284860 /* Products */;
			projectDirPath = "";
			projectRoot = "";
			targets = (
				5521C6D92C11C4B400284860 /* Dissolve */,
			);
		};
/* End PBXProject section */

/* Begin PBXResourcesBuildPhase section */
		5521C6D82C11C4B400284860 /* Resources */ = {
			isa = PBXResourcesBuildPhase;
			buildActionMask = 2147483647;
			files = (
				5521C6E52C11C4B500284860 /* Preview Assets.xcassets in Resources */,
				5521C6E22C11C4B500284860 /* Assets.xcassets in Resources */,
			);
			runOnlyForDeploymentPostprocessing = 0;
		};
/* End PBXResourcesBuildPhase section */

/* Begin PBXSourcesBuildPhase section */
		5521C6D62C11C4B400284860 /* Sources */ = {
			isa = PBXSourcesBuildPhase;
			buildActionMask = 2147483647;
			files = (
				5521C6E02C11C4B400284860 /* ContentView.swift in Sources */,
				5521C6F82C11D76300284860 /* Segment.swift in Sources */,
				5521C6F42C11D38100284860 /* Box.swift in Sources */,
				5521C6EE2C11C6AC00284860 /* Painter.metal in Sources */,
				5521C6DE2C11C4B400284860 /* DissolveApp.swift in Sources */,
				5521C6F22C11D07800284860 /* Painter.swift in Sources */,
				5521C6FA2C11D77800284860 /* Stroke.swift in Sources */,
				5521C6F02C11CF5A00284860 /* Renderer.swift in Sources */,
				5521C6FC2C11E36200284860 /* Line.swift in Sources */,
				5521C6EC2C11C6A300284860 /* Renderer.metal in Sources */,
			);
			runOnlyForDeploymentPostprocessing = 0;
		};
/* End PBXSourcesBuildPhase section */

/* Begin XCBuildConfiguration section */
		5521C6E62C11C4B500284860 /* Debug */ = {
			isa = XCBuildConfiguration;
			buildSettings = {
				ALWAYS_SEARCH_USER_PATHS = NO;
				ASSETCATALOG_COMPILER_GENERATE_SWIFT_ASSET_SYMBOL_EXTENSIONS = YES;
				CLANG_ANALYZER_NONNULL = YES;
				CLANG_ANALYZER_NUMBER_OBJECT_CONVERSION = YES_AGGRESSIVE;
				CLANG_CXX_LANGUAGE_STANDARD = "gnu++20";
				CLANG_ENABLE_MODULES = YES;
				CLANG_ENABLE_OBJC_ARC = YES;
				CLANG_ENABLE_OBJC_WEAK = YES;
				CLANG_WARN_BLOCK_CAPTURE_AUTORELEASING = YES;
				CLANG_WARN_BOOL_CONVERSION = YES;
				CLANG_WARN_COMMA = YES;
				CLANG_WARN_CONSTANT_CONVERSION = YES;
				CLANG_WARN_DEPRECATED_OBJC_IMPLEMENTATIONS = YES;
				CLANG_WARN_DIRECT_OBJC_ISA_USAGE = YES_ERROR;
				CLANG_WARN_DOCUMENTATION_COMMENTS = YES;
				CLANG_WARN_EMPTY_BODY = YES;
				CLANG_WARN_ENUM_CONVERSION = YES;
				CLANG_WARN_INFINITE_RECURSION = YES;
				CLANG_WARN_INT_CONVERSION = YES;
				CLANG_WARN_NON_LITERAL_NULL_CONVERSION = YES;
				CLANG_WARN_OBJC_IMPLICIT_RETAIN_SELF = YES;
				CLANG_WARN_OBJC_LITERAL_CONVERSION = YES;
				CLANG_WARN_OBJC_ROOT_CLASS = YES_ERROR;
				CLANG_WARN_QUOTED_INCLUDE_IN_FRAMEWORK_HEADER = YES;
				CLANG_WARN_RANGE_LOOP_ANALYSIS = YES;
				CLANG_WARN_STRICT_PROTOTYPES = YES;
				CLANG_WARN_SUSPICIOUS_MOVE = YES;
				CLANG_WARN_UNGUARDED_AVAILABILITY = YES_AGGRESSIVE;
				CLANG_WARN_UNREACHABLE_CODE = YES;
				CLANG_WARN__DUPLICATE_METHOD_MATCH = YES;
				COPY_PHASE_STRIP = NO;
				DEBUG_INFORMATION_FORMAT = dwarf;
				ENABLE_STRICT_OBJC_MSGSEND = YES;
				ENABLE_TESTABILITY = YES;
				ENABLE_USER_SCRIPT_SANDBOXING = YES;
				GCC_C_LANGUAGE_STANDARD = gnu17;
				GCC_DYNAMIC_NO_PIC = NO;
				GCC_NO_COMMON_BLOCKS = YES;
				GCC_OPTIMIZATION_LEVEL = 0;
				GCC_PREPROCESSOR_DEFINITIONS = (
					"DEBUG=1",
					"$(inherited)",
				);
				GCC_WARN_64_TO_32_BIT_CONVERSION = YES;
				GCC_WARN_ABOUT_RETURN_TYPE = YES_ERROR;
				GCC_WARN_UNDECLARED_SELECTOR = YES;
				GCC_WARN_UNINITIALIZED_AUTOS = YES_AGGRESSIVE;
				GCC_WARN_UNUSED_FUNCTION = YES;
				GCC_WARN_UNUSED_VARIABLE = YES;
				IPHONEOS_DEPLOYMENT_TARGET = 17.5;
				LOCALIZATION_PREFERS_STRING_CATALOGS = YES;
				MTL_ENABLE_DEBUG_INFO = INCLUDE_SOURCE;
				MTL_FAST_MATH = YES;
				ONLY_ACTIVE_ARCH = YES;
				SDKROOT = iphoneos;
				SWIFT_ACTIVE_COMPILATION_CONDITIONS = "DEBUG $(inherited)";
				SWIFT_OPTIMIZATION_LEVEL = "-Onone";
			};
			name = Debug;
		};
		5521C6E72C11C4B500284860 /* Release */ = {
			isa = XCBuildConfiguration;
			buildSettings = {
				ALWAYS_SEARCH_USER_PATHS = NO;
				ASSETCATALOG_COMPILER_GENERATE_SWIFT_ASSET_SYMBOL_EXTENSIONS = YES;
				CLANG_ANALYZER_NONNULL = YES;
				CLANG_ANALYZER_NUMBER_OBJECT_CONVERSION = YES_AGGRESSIVE;
				CLANG_CXX_LANGUAGE_STANDARD = "gnu++20";
				CLANG_ENABLE_MODULES = YES;
				CLANG_ENABLE_OBJC_ARC = YES;
				CLANG_ENABLE_OBJC_WEAK = YES;
				CLANG_WARN_BLOCK_CAPTURE_AUTORELEASING = YES;
				CLANG_WARN_BOOL_CONVERSION = YES;
				CLANG_WARN_COMMA = YES;
				CLANG_WARN_CONSTANT_CONVERSION = YES;
				CLANG_WARN_DEPRECATED_OBJC_IMPLEMENTATIONS = YES;
				CLANG_WARN_DIRECT_OBJC_ISA_USAGE = YES_ERROR;
				CLANG_WARN_DOCUMENTATION_COMMENTS = YES;
				CLANG_WARN_EMPTY_BODY = YES;
				CLANG_WARN_ENUM_CONVERSION = YES;
				CLANG_WARN_INFINITE_RECURSION = YES;
				CLANG_WARN_INT_CONVERSION = YES;
				CLANG_WARN_NON_LITERAL_NULL_CONVERSION = YES;
				CLANG_WARN_OBJC_IMPLICIT_RETAIN_SELF = YES;
				CLANG_WARN_OBJC_LITERAL_CONVERSION = YES;
				CLANG_WARN_OBJC_ROOT_CLASS = YES_ERROR;
				CLANG_WARN_QUOTED_INCLUDE_IN_FRAMEWORK_HEADER = YES;
				CLANG_WARN_RANGE_LOOP_ANALYSIS = YES;
				CLANG_WARN_STRICT_PROTOTYPES = YES;
				CLANG_WARN_SUSPICIOUS_MOVE = YES;
				CLANG_WARN_UNGUARDED_AVAILABILITY = YES_AGGRESSIVE;
				CLANG_WARN_UNREACHABLE_CODE = YES;
				CLANG_WARN__DUPLICATE_METHOD_MATCH = YES;
				COPY_PHASE_STRIP = NO;
				DEBUG_INFORMATION_FORMAT = "dwarf-with-dsym";
				ENABLE_NS_ASSERTIONS = NO;
				ENABLE_STRICT_OBJC_MSGSEND = YES;
				ENABLE_USER_SCRIPT_SANDBOXING = YES;
				GCC_C_LANGUAGE_STANDARD = gnu17;
				GCC_NO_COMMON_BLOCKS = YES;
				GCC_WARN_64_TO_32_BIT_CONVERSION = YES;
				GCC_WARN_ABOUT_RETURN_TYPE = YES_ERROR;
				GCC_WARN_UNDECLARED_SELECTOR = YES;
				GCC_WARN_UNINITIALIZED_AUTOS = YES_AGGRESSIVE;
				GCC_WARN_UNUSED_FUNCTION = YES;
				GCC_WARN_UNUSED_VARIABLE = YES;
				IPHONEOS_DEPLOYMENT_TARGET = 17.5;
				LOCALIZATION_PREFERS_STRING_CATALOGS = YES;
				MTL_ENABLE_DEBUG_INFO = NO;
				MTL_FAST_MATH = YES;
				SDKROOT = iphoneos;
				SWIFT_COMPILATION_MODE = wholemodule;
				VALIDATE_PRODUCT = YES;
			};
			name = Release;
		};
		5521C6E92C11C4B500284860 /* Debug */ = {
			isa = XCBuildConfiguration;
			buildSettings = {
				ASSETCATALOG_COMPILER_APPICON_NAME = AppIcon;
				ASSETCATALOG_COMPILER_GLOBAL_ACCENT_COLOR_NAME = AccentColor;
				CODE_SIGN_STYLE = Automatic;
				CURRENT_PROJECT_VERSION = 1;
				DEVELOPMENT_ASSET_PATHS = "\"Dissolve/Preview Content\"";
				DEVELOPMENT_TEAM = 2SHFRWN7NA;
				ENABLE_PREVIEWS = YES;
				GENERATE_INFOPLIST_FILE = YES;
				INFOPLIST_KEY_UIApplicationSceneManifest_Generation = YES;
				INFOPLIST_KEY_UIApplicationSupportsIndirectInputEvents = YES;
				INFOPLIST_KEY_UILaunchScreen_Generation = YES;
				INFOPLIST_KEY_UISupportedInterfaceOrientations_iPad = "UIInterfaceOrientationPortrait UIInterfaceOrientationPortraitUpsideDown UIInterfaceOrientationLandscapeLeft UIInterfaceOrientationLandscapeRight";
				INFOPLIST_KEY_UISupportedInterfaceOrientations_iPhone = "UIInterfaceOrientationPortrait UIInterfaceOrientationLandscapeLeft UIInterfaceOrientationLandscapeRight";
				LD_RUNPATH_SEARCH_PATHS = (
					"$(inherited)",
					"@executable_path/Frameworks",
				);
				MARKETING_VERSION = 1.0;
				PRODUCT_BUNDLE_IDENTIFIER = com.createibae.Dissolve;
				PRODUCT_NAME = "$(TARGET_NAME)";
				SWIFT_EMIT_LOC_STRINGS = YES;
				SWIFT_VERSION = 5.0;
				TARGETED_DEVICE_FAMILY = "1,2";
			};
			name = Debug;
		};
		5521C6EA2C11C4B500284860 /* Release */ = {
			isa = XCBuildConfiguration;
			buildSettings = {
				ASSETCATALOG_COMPILER_APPICON_NAME = AppIcon;
				ASSETCATALOG_COMPILER_GLOBAL_ACCENT_COLOR_NAME = AccentColor;
				CODE_SIGN_STYLE = Automatic;
				CURRENT_PROJECT_VERSION = 1;
				DEVELOPMENT_ASSET_PATHS = "\"Dissolve/Preview Content\"";
				DEVELOPMENT_TEAM = 2SHFRWN7NA;
				ENABLE_PREVIEWS = YES;
				GENERATE_INFOPLIST_FILE = YES;
				INFOPLIST_KEY_UIApplicationSceneManifest_Generation = YES;
				INFOPLIST_KEY_UIApplicationSupportsIndirectInputEvents = YES;
				INFOPLIST_KEY_UILaunchScreen_Generation = YES;
				INFOPLIST_KEY_UISupportedInterfaceOrientations_iPad = "UIInterfaceOrientationPortrait UIInterfaceOrientationPortraitUpsideDown UIInterfaceOrientationLandscapeLeft UIInterfaceOrientationLandscapeRight";
				INFOPLIST_KEY_UISupportedInterfaceOrientations_iPhone = "UIInterfaceOrientationPortrait UIInterfaceOrientationLandscapeLeft UIInterfaceOrientationLandscapeRight";
				LD_RUNPATH_SEARCH_PATHS = (
					"$(inherited)",
					"@executable_path/Frameworks",
				);
				MARKETING_VERSION = 1.0;
				PRODUCT_BUNDLE_IDENTIFIER = com.createibae.Dissolve;
				PRODUCT_NAME = "$(TARGET_NAME)";
				SWIFT_EMIT_LOC_STRINGS = YES;
				SWIFT_VERSION = 5.0;
				TARGETED_DEVICE_FAMILY = "1,2";
			};
			name = Release;
		};
/* End XCBuildConfiguration section */

/* Begin XCConfigurationList section */
		5521C6D52C11C4B400284860 /* Build configuration list for PBXProject "Dissolve" */ = {
			isa = XCConfigurationList;
			buildConfigurations = (
				5521C6E62C11C4B500284860 /* Debug */,
				5521C6E72C11C4B500284860 /* Release */,
			);
			defaultConfigurationIsVisible = 0;
			defaultConfigurationName = Release;
		};
		5521C6E82C11C4B500284860 /* Build configuration list for PBXNativeTarget "Dissolve" */ = {
			isa = XCConfigurationList;
			buildConfigurations = (
				5521C6E92C11C4B500284860 /* Debug */,
				5521C6EA2C11C4B500284860 /* Release */,
			);
			defaultConfigurationIsVisible = 0;
			defaultConfigurationName = Release;
		};
/* End XCConfigurationList section */
	};
	rootObject = 5521C6D22C11C4B400284860 /* Project object */;
}
